// !$*UTF8*$!
{
	archiveVersion = 1;
	classes = {
	};
	objectVersion = 52;
	objects = {

/* Begin PBXBuildFile section */
		28DD0F17274973FA00850BB4 /* PostgresClientKit in Frameworks */ = {isa = PBXBuildFile; productRef = 28DD0F16274973FA00850BB4 /* PostgresClientKit */; };
		28DD0F192749749C00850BB4 /* PsqlModel.swift in Sources */ = {isa = PBXBuildFile; fileRef = 28DD0F182749749C00850BB4 /* PsqlModel.swift */; };
		F279D49E2726E81400AE30B9 /* PersonDetail.swift in Sources */ = {isa = PBXBuildFile; fileRef = F279D49D2726E81400AE30B9 /* PersonDetail.swift */; };
		F279D4A22726ED9600AE30B9 /* CircleImage.swift in Sources */ = {isa = PBXBuildFile; fileRef = F279D4A12726ED9600AE30B9 /* CircleImage.swift */; };
		F279D4A42726F2C700AE30B9 /* ModelData.swift in Sources */ = {isa = PBXBuildFile; fileRef = F279D4A32726F2C700AE30B9 /* ModelData.swift */; };
		F279D4A62726F8EE00AE30B9 /* PersonRow.swift in Sources */ = {isa = PBXBuildFile; fileRef = F279D4A52726F8EE00AE30B9 /* PersonRow.swift */; };
		F279D4B22727329400AE30B9 /* PersonList.swift in Sources */ = {isa = PBXBuildFile; fileRef = F279D4B12727329400AE30B9 /* PersonList.swift */; };
		F27E110226C46246009211CB /* PersonnelApp.swift in Sources */ = {isa = PBXBuildFile; fileRef = F27E110126C46246009211CB /* PersonnelApp.swift */; };
		F27E110426C46246009211CB /* ContentView.swift in Sources */ = {isa = PBXBuildFile; fileRef = F27E110326C46246009211CB /* ContentView.swift */; };
		F27E110626C46246009211CB /* Assets.xcassets in Resources */ = {isa = PBXBuildFile; fileRef = F27E110526C46246009211CB /* Assets.xcassets */; };
		F27E110926C46246009211CB /* Preview Assets.xcassets in Resources */ = {isa = PBXBuildFile; fileRef = F27E110826C46246009211CB /* Preview Assets.xcassets */; };
		F27E111226C462CD009211CB /* Person.swift in Sources */ = {isa = PBXBuildFile; fileRef = F27E111126C462CD009211CB /* Person.swift */; };
		F2A31859273168CC0082EEFD /* SearchSheet.swift in Sources */ = {isa = PBXBuildFile; fileRef = F2A31858273168CC0082EEFD /* SearchSheet.swift */; };
/* End PBXBuildFile section */

/* Begin PBXFileReference section */
		28DD0F182749749C00850BB4 /* PsqlModel.swift */ = {isa = PBXFileReference; lastKnownFileType = sourcecode.swift; path = PsqlModel.swift; sourceTree = "<group>"; };
		F279D49D2726E81400AE30B9 /* PersonDetail.swift */ = {isa = PBXFileReference; lastKnownFileType = sourcecode.swift; path = PersonDetail.swift; sourceTree = "<group>"; };
		F279D4A12726ED9600AE30B9 /* CircleImage.swift */ = {isa = PBXFileReference; lastKnownFileType = sourcecode.swift; path = CircleImage.swift; sourceTree = "<group>"; };
		F279D4A32726F2C700AE30B9 /* ModelData.swift */ = {isa = PBXFileReference; lastKnownFileType = sourcecode.swift; path = ModelData.swift; sourceTree = "<group>"; };
		F279D4A52726F8EE00AE30B9 /* PersonRow.swift */ = {isa = PBXFileReference; lastKnownFileType = sourcecode.swift; path = PersonRow.swift; sourceTree = "<group>"; };
		F279D4B12727329400AE30B9 /* PersonList.swift */ = {isa = PBXFileReference; lastKnownFileType = sourcecode.swift; path = PersonList.swift; sourceTree = "<group>"; };
		F27E10FE26C46246009211CB /* Personnel.app */ = {isa = PBXFileReference; explicitFileType = wrapper.application; includeInIndex = 0; path = Personnel.app; sourceTree = BUILT_PRODUCTS_DIR; };
		F27E110126C46246009211CB /* PersonnelApp.swift */ = {isa = PBXFileReference; lastKnownFileType = sourcecode.swift; path = PersonnelApp.swift; sourceTree = "<group>"; };
		F27E110326C46246009211CB /* ContentView.swift */ = {isa = PBXFileReference; lastKnownFileType = sourcecode.swift; path = ContentView.swift; sourceTree = "<group>"; };
		F27E110526C46246009211CB /* Assets.xcassets */ = {isa = PBXFileReference; lastKnownFileType = folder.assetcatalog; path = Assets.xcassets; sourceTree = "<group>"; };
		F27E110826C46246009211CB /* Preview Assets.xcassets */ = {isa = PBXFileReference; lastKnownFileType = folder.assetcatalog; path = "Preview Assets.xcassets"; sourceTree = "<group>"; };
		F27E110A26C46246009211CB /* Info.plist */ = {isa = PBXFileReference; lastKnownFileType = text.plist.xml; path = Info.plist; sourceTree = "<group>"; };
		F27E111126C462CD009211CB /* Person.swift */ = {isa = PBXFileReference; lastKnownFileType = sourcecode.swift; path = Person.swift; sourceTree = "<group>"; };
		F2A31858273168CC0082EEFD /* SearchSheet.swift */ = {isa = PBXFileReference; lastKnownFileType = sourcecode.swift; path = SearchSheet.swift; sourceTree = "<group>"; };
/* End PBXFileReference section */

/* Begin PBXFrameworksBuildPhase section */
		F27E10FB26C46246009211CB /* Frameworks */ = {
			isa = PBXFrameworksBuildPhase;
			buildActionMask = 2147483647;
			files = (
				28DD0F17274973FA00850BB4 /* PostgresClientKit in Frameworks */,
			);
			runOnlyForDeploymentPostprocessing = 0;
		};
/* End PBXFrameworksBuildPhase section */

/* Begin PBXGroup section */
		F2764B2926EF39F2005320B4 /* Views */ = {
			isa = PBXGroup;
			children = (
				F27E110326C46246009211CB /* ContentView.swift */,
				F2764B2A26EF3B29005320B4 /* Person */,
			);
			path = Views;
			sourceTree = "<group>";
		};
		F2764B2A26EF3B29005320B4 /* Person */ = {
			isa = PBXGroup;
			children = (
				F279D49D2726E81400AE30B9 /* PersonDetail.swift */,
				F279D4A12726ED9600AE30B9 /* CircleImage.swift */,
				F279D4A52726F8EE00AE30B9 /* PersonRow.swift */,
				F279D4B12727329400AE30B9 /* PersonList.swift */,
				F2A31858273168CC0082EEFD /* SearchSheet.swift */,
			);
			path = Person;
			sourceTree = "<group>";
		};
		F279D49A2726E58000AE30B9 /* Resources */ = {
			isa = PBXGroup;
			children = (
			);
			path = Resources;
			sourceTree = "<group>";
		};
		F27E10F526C46246009211CB = {
			isa = PBXGroup;
			children = (
				F27E110026C46246009211CB /* Personnel */,
				F27E10FF26C46246009211CB /* Products */,
			);
			sourceTree = "<group>";
		};
		F27E10FF26C46246009211CB /* Products */ = {
			isa = PBXGroup;
			children = (
				F27E10FE26C46246009211CB /* Personnel.app */,
			);
			name = Products;
			sourceTree = "<group>";
		};
		F27E110026C46246009211CB /* Personnel */ = {
			isa = PBXGroup;
			children = (
				F279D49A2726E58000AE30B9 /* Resources */,
				F2764B2926EF39F2005320B4 /* Views */,
				F27E111026C462B4009211CB /* Models */,
				F27E110126C46246009211CB /* PersonnelApp.swift */,
				F27E110526C46246009211CB /* Assets.xcassets */,
				F27E110A26C46246009211CB /* Info.plist */,
				F27E110726C46246009211CB /* Preview Content */,
			);
			path = Personnel;
			sourceTree = "<group>";
		};
		F27E110726C46246009211CB /* Preview Content */ = {
			isa = PBXGroup;
			children = (
				F27E110826C46246009211CB /* Preview Assets.xcassets */,
			);
			path = "Preview Content";
			sourceTree = "<group>";
		};
		F27E111026C462B4009211CB /* Models */ = {
			isa = PBXGroup;
			children = (
				F27E111126C462CD009211CB /* Person.swift */,
				F279D4A32726F2C700AE30B9 /* ModelData.swift */,
				28DD0F182749749C00850BB4 /* PsqlModel.swift */,
			);
			path = Models;
			sourceTree = "<group>";
		};
/* End PBXGroup section */

/* Begin PBXNativeTarget section */
		F27E10FD26C46246009211CB /* Personnel */ = {
			isa = PBXNativeTarget;
			buildConfigurationList = F27E110D26C46246009211CB /* Build configuration list for PBXNativeTarget "Personnel" */;
			buildPhases = (
				F27E10FA26C46246009211CB /* Sources */,
				F27E10FB26C46246009211CB /* Frameworks */,
				F27E10FC26C46246009211CB /* Resources */,
			);
			buildRules = (
			);
			dependencies = (
			);
			name = Personnel;
			packageProductDependencies = (
				28DD0F16274973FA00850BB4 /* PostgresClientKit */,
			);
			productName = Personnel;
			productReference = F27E10FE26C46246009211CB /* Personnel.app */;
			productType = "com.apple.product-type.application";
		};
/* End PBXNativeTarget section */

/* Begin PBXProject section */
		F27E10F626C46246009211CB /* Project object */ = {
			isa = PBXProject;
			attributes = {
				LastSwiftUpdateCheck = 1250;
				LastUpgradeCheck = 1250;
				TargetAttributes = {
					F27E10FD26C46246009211CB = {
						CreatedOnToolsVersion = 12.5.1;
					};
				};
			};
			buildConfigurationList = F27E10F926C46246009211CB /* Build configuration list for PBXProject "Personnel" */;
			compatibilityVersion = "Xcode 9.3";
			developmentRegion = en;
			hasScannedForEncodings = 0;
			knownRegions = (
				en,
				Base,
			);
			mainGroup = F27E10F526C46246009211CB;
			packageReferences = (
				28DD0F15274973FA00850BB4 /* XCRemoteSwiftPackageReference "postgresclientkit" */,
			);
			productRefGroup = F27E10FF26C46246009211CB /* Products */;
			projectDirPath = "";
			projectRoot = "";
			targets = (
				F27E10FD26C46246009211CB /* Personnel */,
			);
		};
/* End PBXProject section */

/* Begin PBXResourcesBuildPhase section */
		F27E10FC26C46246009211CB /* Resources */ = {
			isa = PBXResourcesBuildPhase;
			buildActionMask = 2147483647;
			files = (
				F27E110926C46246009211CB /* Preview Assets.xcassets in Resources */,
				F27E110626C46246009211CB /* Assets.xcassets in Resources */,
			);
			runOnlyForDeploymentPostprocessing = 0;
		};
/* End PBXResourcesBuildPhase section */

/* Begin PBXSourcesBuildPhase section */
		F27E10FA26C46246009211CB /* Sources */ = {
			isa = PBXSourcesBuildPhase;
			buildActionMask = 2147483647;
			files = (
				F279D4A22726ED9600AE30B9 /* CircleImage.swift in Sources */,
				F279D49E2726E81400AE30B9 /* PersonDetail.swift in Sources */,
				F279D4A62726F8EE00AE30B9 /* PersonRow.swift in Sources */,
				F27E111226C462CD009211CB /* Person.swift in Sources */,
				F27E110426C46246009211CB /* ContentView.swift in Sources */,
				F27E110226C46246009211CB /* PersonnelApp.swift in Sources */,
				F279D4B22727329400AE30B9 /* PersonList.swift in Sources */,
				28DD0F192749749C00850BB4 /* PsqlModel.swift in Sources */,
				F279D4A42726F2C700AE30B9 /* ModelData.swift in Sources */,
				F2A31859273168CC0082EEFD /* SearchSheet.swift in Sources */,
			);
			runOnlyForDeploymentPostprocessing = 0;
		};
/* End PBXSourcesBuildPhase section */

/* Begin XCBuildConfiguration section */
		F27E110B26C46246009211CB /* Debug */ = {
			isa = XCBuildConfiguration;
			buildSettings = {
				ALWAYS_SEARCH_USER_PATHS = NO;
				CLANG_ANALYZER_NONNULL = YES;
				CLANG_ANALYZER_NUMBER_OBJECT_CONVERSION = YES_AGGRESSIVE;
				CLANG_CXX_LANGUAGE_STANDARD = "gnu++14";
				CLANG_CXX_LIBRARY = "libc++";
				CLANG_ENABLE_MODULES = YES;
				CLANG_ENABLE_OBJC_ARC = YES;
				CLANG_ENABLE_OBJC_WEAK = YES;
				CLANG_WARN_BLOCK_CAPTURE_AUTORELEASING = YES;
				CLANG_WARN_BOOL_CONVERSION = YES;
				CLANG_WARN_COMMA = YES;
				CLANG_WARN_CONSTANT_CONVERSION = YES;
				CLANG_WARN_DEPRECATED_OBJC_IMPLEMENTATIONS = YES;
				CLANG_WARN_DIRECT_OBJC_ISA_USAGE = YES_ERROR;
				CLANG_WARN_DOCUMENTATION_COMMENTS = YES;
				CLANG_WARN_EMPTY_BODY = YES;
				CLANG_WARN_ENUM_CONVERSION = YES;
				CLANG_WARN_INFINITE_RECURSION = YES;
				CLANG_WARN_INT_CONVERSION = YES;
				CLANG_WARN_NON_LITERAL_NULL_CONVERSION = YES;
				CLANG_WARN_OBJC_IMPLICIT_RETAIN_SELF = YES;
				CLANG_WARN_OBJC_LITERAL_CONVERSION = YES;
				CLANG_WARN_OBJC_ROOT_CLASS = YES_ERROR;
				CLANG_WARN_QUOTED_INCLUDE_IN_FRAMEWORK_HEADER = YES;
				CLANG_WARN_RANGE_LOOP_ANALYSIS = YES;
				CLANG_WARN_STRICT_PROTOTYPES = YES;
				CLANG_WARN_SUSPICIOUS_MOVE = YES;
				CLANG_WARN_UNGUARDED_AVAILABILITY = YES_AGGRESSIVE;
				CLANG_WARN_UNREACHABLE_CODE = YES;
				CLANG_WARN__DUPLICATE_METHOD_MATCH = YES;
				COPY_PHASE_STRIP = NO;
				DEBUG_INFORMATION_FORMAT = dwarf;
				ENABLE_STRICT_OBJC_MSGSEND = YES;
				ENABLE_TESTABILITY = YES;
				GCC_C_LANGUAGE_STANDARD = gnu11;
				GCC_DYNAMIC_NO_PIC = NO;
				GCC_NO_COMMON_BLOCKS = YES;
				GCC_OPTIMIZATION_LEVEL = 0;
				GCC_PREPROCESSOR_DEFINITIONS = (
					"DEBUG=1",
					"$(inherited)",
				);
				GCC_WARN_64_TO_32_BIT_CONVERSION = YES;
				GCC_WARN_ABOUT_RETURN_TYPE = YES_ERROR;
				GCC_WARN_UNDECLARED_SELECTOR = YES;
				GCC_WARN_UNINITIALIZED_AUTOS = YES_AGGRESSIVE;
				GCC_WARN_UNUSED_FUNCTION = YES;
				GCC_WARN_UNUSED_VARIABLE = YES;
				IPHONEOS_DEPLOYMENT_TARGET = 15.0;
				MTL_ENABLE_DEBUG_INFO = INCLUDE_SOURCE;
				MTL_FAST_MATH = YES;
				ONLY_ACTIVE_ARCH = YES;
				SDKROOT = iphoneos;
				SWIFT_ACTIVE_COMPILATION_CONDITIONS = DEBUG;
				SWIFT_OPTIMIZATION_LEVEL = "-Onone";
			};
			name = Debug;
		};
		F27E110C26C46246009211CB /* Release */ = {
			isa = XCBuildConfiguration;
			buildSettings = {
				ALWAYS_SEARCH_USER_PATHS = NO;
				CLANG_ANALYZER_NONNULL = YES;
				CLANG_ANALYZER_NUMBER_OBJECT_CONVERSION = YES_AGGRESSIVE;
				CLANG_CXX_LANGUAGE_STANDARD = "gnu++14";
				CLANG_CXX_LIBRARY = "libc++";
				CLANG_ENABLE_MODULES = YES;
				CLANG_ENABLE_OBJC_ARC = YES;
				CLANG_ENABLE_OBJC_WEAK = YES;
				CLANG_WARN_BLOCK_CAPTURE_AUTORELEASING = YES;
				CLANG_WARN_BOOL_CONVERSION = YES;
				CLANG_WARN_COMMA = YES;
				CLANG_WARN_CONSTANT_CONVERSION = YES;
				CLANG_WARN_DEPRECATED_OBJC_IMPLEMENTATIONS = YES;
				CLANG_WARN_DIRECT_OBJC_ISA_USAGE = YES_ERROR;
				CLANG_WARN_DOCUMENTATION_COMMENTS = YES;
				CLANG_WARN_EMPTY_BODY = YES;
				CLANG_WARN_ENUM_CONVERSION = YES;
				CLANG_WARN_INFINITE_RECURSION = YES;
				CLANG_WARN_INT_CONVERSION = YES;
				CLANG_WARN_NON_LITERAL_NULL_CONVERSION = YES;
				CLANG_WARN_OBJC_IMPLICIT_RETAIN_SELF = YES;
				CLANG_WARN_OBJC_LITERAL_CONVERSION = YES;
				CLANG_WARN_OBJC_ROOT_CLASS = YES_ERROR;
				CLANG_WARN_QUOTED_INCLUDE_IN_FRAMEWORK_HEADER = YES;
				CLANG_WARN_RANGE_LOOP_ANALYSIS = YES;
				CLANG_WARN_STRICT_PROTOTYPES = YES;
				CLANG_WARN_SUSPICIOUS_MOVE = YES;
				CLANG_WARN_UNGUARDED_AVAILABILITY = YES_AGGRESSIVE;
				CLANG_WARN_UNREACHABLE_CODE = YES;
				CLANG_WARN__DUPLICATE_METHOD_MATCH = YES;
				COPY_PHASE_STRIP = NO;
				DEBUG_INFORMATION_FORMAT = "dwarf-with-dsym";
				ENABLE_NS_ASSERTIONS = NO;
				ENABLE_STRICT_OBJC_MSGSEND = YES;
				GCC_C_LANGUAGE_STANDARD = gnu11;
				GCC_NO_COMMON_BLOCKS = YES;
				GCC_WARN_64_TO_32_BIT_CONVERSION = YES;
				GCC_WARN_ABOUT_RETURN_TYPE = YES_ERROR;
				GCC_WARN_UNDECLARED_SELECTOR = YES;
				GCC_WARN_UNINITIALIZED_AUTOS = YES_AGGRESSIVE;
				GCC_WARN_UNUSED_FUNCTION = YES;
				GCC_WARN_UNUSED_VARIABLE = YES;
				IPHONEOS_DEPLOYMENT_TARGET = 15.0;
				MTL_ENABLE_DEBUG_INFO = NO;
				MTL_FAST_MATH = YES;
				SDKROOT = iphoneos;
				SWIFT_COMPILATION_MODE = wholemodule;
				SWIFT_OPTIMIZATION_LEVEL = "-O";
				VALIDATE_PRODUCT = YES;
			};
			name = Release;
		};
		F27E110E26C46246009211CB /* Debug */ = {
			isa = XCBuildConfiguration;
			buildSettings = {
				ASSETCATALOG_COMPILER_APPICON_NAME = AppIcon;
				ASSETCATALOG_COMPILER_GLOBAL_ACCENT_COLOR_NAME = AccentColor;
				CODE_SIGN_STYLE = Automatic;
				DEVELOPMENT_ASSET_PATHS = "\"Personnel/Preview Content\"";
				DEVELOPMENT_TEAM = 2RLLV54K2J;
				ENABLE_PREVIEWS = YES;
				INFOPLIST_FILE = Personnel/Info.plist;
				IPHONEOS_DEPLOYMENT_TARGET = 15.0;
				LD_RUNPATH_SEARCH_PATHS = (
					"$(inherited)",
					"@executable_path/Frameworks",
				);
				PRODUCT_BUNDLE_IDENTIFIER = wiipuri.org.Personnel;
				PRODUCT_NAME = "$(TARGET_NAME)";
				SWIFT_VERSION = 5.0;
				TARGETED_DEVICE_FAMILY = "1,2";
			};
			name = Debug;
		};
		F27E110F26C46246009211CB /* Release */ = {
			isa = XCBuildConfiguration;
			buildSettings = {
				ASSETCATALOG_COMPILER_APPICON_NAME = AppIcon;
				ASSETCATALOG_COMPILER_GLOBAL_ACCENT_COLOR_NAME = AccentColor;
				CODE_SIGN_STYLE = Automatic;
				DEVELOPMENT_ASSET_PATHS = "\"Personnel/Preview Content\"";
				DEVELOPMENT_TEAM = 2RLLV54K2J;
				ENABLE_PREVIEWS = YES;
				INFOPLIST_FILE = Personnel/Info.plist;
				IPHONEOS_DEPLOYMENT_TARGET = 15.0;
				LD_RUNPATH_SEARCH_PATHS = (
					"$(inherited)",
					"@executable_path/Frameworks",
				);
				PRODUCT_BUNDLE_IDENTIFIER = wiipuri.org.Personnel;
				PRODUCT_NAME = "$(TARGET_NAME)";
				SWIFT_VERSION = 5.0;
				TARGETED_DEVICE_FAMILY = "1,2";
			};
			name = Release;
		};
/* End XCBuildConfiguration section */

/* Begin XCConfigurationList section */
		F27E10F926C46246009211CB /* Build configuration list for PBXProject "Personnel" */ = {
			isa = XCConfigurationList;
			buildConfigurations = (
				F27E110B26C46246009211CB /* Debug */,
				F27E110C26C46246009211CB /* Release */,
			);
			defaultConfigurationIsVisible = 0;
			defaultConfigurationName = Release;
		};
		F27E110D26C46246009211CB /* Build configuration list for PBXNativeTarget "Personnel" */ = {
			isa = XCConfigurationList;
			buildConfigurations = (
				F27E110E26C46246009211CB /* Debug */,
				F27E110F26C46246009211CB /* Release */,
			);
			defaultConfigurationIsVisible = 0;
			defaultConfigurationName = Release;
		};
/* End XCConfigurationList section */

/* Begin XCRemoteSwiftPackageReference section */
		28DD0F15274973FA00850BB4 /* XCRemoteSwiftPackageReference "postgresclientkit" */ = {
			isa = XCRemoteSwiftPackageReference;
			repositoryURL = "https://github.com/codewinsdotcom/postgresclientkit.git";
			requirement = {
				kind = upToNextMajorVersion;
				minimumVersion = 1.0.0;
			};
		};
/* End XCRemoteSwiftPackageReference section */

/* Begin XCSwiftPackageProductDependency section */
		28DD0F16274973FA00850BB4 /* PostgresClientKit */ = {
			isa = XCSwiftPackageProductDependency;
			package = 28DD0F15274973FA00850BB4 /* XCRemoteSwiftPackageReference "postgresclientkit" */;
			productName = PostgresClientKit;
		};
/* End XCSwiftPackageProductDependency section */
	};
	rootObject = F27E10F626C46246009211CB /* Project object */;
}
